
Microsoft Visual Studio Solution File, Format Version 12.00
# Visual Studio Version 17
VisualStudioVersion = 17.8.34330.188
MinimumVisualStudioVersion = 10.0.40219.1
Project("{FAE04EC0-301F-11D3-BF4B-00C04F79EFBC}") = "SimpleAccounting", "SimpleAccounting.csproj", "{69834742-2372-4E3F-A2F3-417EF6FF7B1A}"
EndProject
Project("{FAE04EC0-301F-11D3-BF4B-00C04F79EFBC}") = "SimpleAccounting.DataAccess", "..\SimpleAccounting\SimpleAccounting.DataAccess.csproj", "{7E6B3A4A-B1FA-4ED1-B88B-6B5CE494AB9F}"
EndProject
Global
	GlobalSection(SolutionConfigurationPlatforms) = preSolution
		Debug|Any CPU = Debug|Any CPU
		Release|Any CPU = Release|Any CPU
	EndGlobalSection
	GlobalSection(ProjectConfigurationPlatforms) = postSolution
		{69834742-2372-4E3F-A2F3-417EF6FF7B1A}.Debug|Any CPU.ActiveCfg = Debug|Any CPU
		{69834742-2372-4E3F-A2F3-417EF6FF7B1A}.Debug|Any CPU.Build.0 = Debug|Any CPU
		{69834742-2372-4E3F-A2F3-417EF6FF7B1A}.Release|Any CPU.ActiveCfg = Release|Any CPU
		{69834742-2372-4E3F-A2F3-417EF6FF7B1A}.Release|Any CPU.Build.0 = Release|Any CPU
		{7E6B3A4A-B1FA-4ED1-B88B-6B5CE494AB9F}.Debug|Any CPU.ActiveCfg = Debug|Any CPU
		{7E6B3A4A-B1FA-4ED1-B88B-6B5CE494AB9F}.Debug|Any CPU.Build.0 = Debug|Any CPU
		{7E6B3A4A-B1FA-4ED1-B88B-6B5CE494AB9F}.Release|Any CPU.ActiveCfg = Release|Any CPU
		{7E6B3A4A-B1FA-4ED1-B88B-6B5CE494AB9F}.Release|Any CPU.Build.0 = Release|Any CPU
	EndGlobalSection
	GlobalSection(SolutionProperties) = preSolution
		HideSolutionNode = FALSE
	EndGlobalSection
	GlobalSection(ExtensibilityGlobals) = postSolution
		SolutionGuid = {2EDC33E0-01F9-493C-B268-B7D9BAA49DF1}
	EndGlobalSection
EndGlobal
